
Microsoft Visual Studio Solution File, Format Version 12.00
# Visual Studio 15
VisualStudioVersion = 15.0.27130.2027
MinimumVisualStudioVersion = 10.0.40219.1
Project("{FAE04EC0-301F-11D3-BF4B-00C04F79EFBC}") = "CouplesExpenses.Android", "CouplesExpenses\CouplesExpenses.Android\CouplesExpenses.Android.csproj", "{A67D3A46-CB03-45C5-98B6-793E78B99AEE}"
EndProject
Project("{FAE04EC0-301F-11D3-BF4B-00C04F79EFBC}") = "CouplesExpenses.iOS", "CouplesExpenses\CouplesExpenses.iOS\CouplesExpenses.iOS.csproj", "{D612F507-75F5-496F-9674-C46099232633}"
EndProject
Project("{FAE04EC0-301F-11D3-BF4B-00C04F79EFBC}") = "CouplesExpenses.UWP", "CouplesExpenses\CouplesExpenses.UWP\CouplesExpenses.UWP.csproj", "{C0B08F04-6681-4443-A150-EDA7C69B6A2D}"
EndProject
Project("{9A19103F-16F7-4668-BE54-9A1E7A4F7556}") = "CouplesExpenses", "CouplesExpenses\CouplesExpenses\CouplesExpenses.csproj", "{66CF3A62-494C-4030-9BA0-B8605B3D6B49}"
EndProject
Project("{FAE04EC0-301F-11D3-BF4B-00C04F79EFBC}") = "LocalTests", "LocalTests\LocalTests.csproj", "{62E6AC2B-27D5-4C2D-8240-66F9D1FDEC8A}"
EndProject
Global
	GlobalSection(SolutionConfigurationPlatforms) = preSolution
		Ad-Hoc|Any CPU = Ad-Hoc|Any CPU
		Ad-Hoc|ARM = Ad-Hoc|ARM
		Ad-Hoc|iPhone = Ad-Hoc|iPhone
		Ad-Hoc|iPhoneSimulator = Ad-Hoc|iPhoneSimulator
		Ad-Hoc|x64 = Ad-Hoc|x64
		Ad-Hoc|x86 = Ad-Hoc|x86
		AppStore|Any CPU = AppStore|Any CPU
		AppStore|ARM = AppStore|ARM
		AppStore|iPhone = AppStore|iPhone
		AppStore|iPhoneSimulator = AppStore|iPhoneSimulator
		AppStore|x64 = AppStore|x64
		AppStore|x86 = AppStore|x86
		Debug|Any CPU = Debug|Any CPU
		Debug|ARM = Debug|ARM
		Debug|iPhone = Debug|iPhone
		Debug|iPhoneSimulator = Debug|iPhoneSimulator
		Debug|x64 = Debug|x64
		Debug|x86 = Debug|x86
		Release|Any CPU = Release|Any CPU
		Release|ARM = Release|ARM
		Release|iPhone = Release|iPhone
		Release|iPhoneSimulator = Release|iPhoneSimulator
		Release|x64 = Release|x64
		Release|x86 = Release|x86
	EndGlobalSection
	GlobalSection(ProjectConfigurationPlatforms) = postSolution
		{A67D3A46-CB03-45C5-98B6-793E78B99AEE}.Ad-Hoc|Any CPU.ActiveCfg = Release|Any CPU
		{A67D3A46-CB03-45C5-98B6-793E78B99AEE}.Ad-Hoc|Any CPU.Build.0 = Release|Any CPU
		{A67D3A46-CB03-45C5-98B6-793E78B99AEE}.Ad-Hoc|Any CPU.Deploy.0 = Release|Any CPU
		{A67D3A46-CB03-45C5-98B6-793E78B99AEE}.Ad-Hoc|ARM.ActiveCfg = Release|Any CPU
		{A67D3A46-CB03-45C5-98B6-793E78B99AEE}.Ad-Hoc|ARM.Build.0 = Release|Any CPU
		{A67D3A46-CB03-45C5-98B6-793E78B99AEE}.Ad-Hoc|ARM.Deploy.0 = Release|Any CPU
		{A67D3A46-CB03-45C5-98B6-793E78B99AEE}.Ad-Hoc|iPhone.ActiveCfg = Release|Any CPU
		{A67D3A46-CB03-45C5-98B6-793E78B99AEE}.Ad-Hoc|iPhone.Build.0 = Release|Any CPU
		{A67D3A46-CB03-45C5-98B6-793E78B99AEE}.Ad-Hoc|iPhone.Deploy.0 = Release|Any CPU
		{A67D3A46-CB03-45C5-98B6-793E78B99AEE}.Ad-Hoc|iPhoneSimulator.ActiveCfg = Release|Any CPU
		{A67D3A46-CB03-45C5-98B6-793E78B99AEE}.Ad-Hoc|iPhoneSimulator.Build.0 = Release|Any CPU
		{A67D3A46-CB03-45C5-98B6-793E78B99AEE}.Ad-Hoc|iPhoneSimulator.Deploy.0 = Release|Any CPU
		{A67D3A46-CB03-45C5-98B6-793E78B99AEE}.Ad-Hoc|x64.ActiveCfg = Release|Any CPU
		{A67D3A46-CB03-45C5-98B6-793E78B99AEE}.Ad-Hoc|x64.Build.0 = Release|Any CPU
		{A67D3A46-CB03-45C5-98B6-793E78B99AEE}.Ad-Hoc|x64.Deploy.0 = Release|Any CPU
		{A67D3A46-CB03-45C5-98B6-793E78B99AEE}.Ad-Hoc|x86.ActiveCfg = Release|Any CPU
		{A67D3A46-CB03-45C5-98B6-793E78B99AEE}.Ad-Hoc|x86.Build.0 = Release|Any CPU
		{A67D3A46-CB03-45C5-98B6-793E78B99AEE}.Ad-Hoc|x86.Deploy.0 = Release|Any CPU
		{A67D3A46-CB03-45C5-98B6-793E78B99AEE}.AppStore|Any CPU.ActiveCfg = Release|Any CPU
		{A67D3A46-CB03-45C5-98B6-793E78B99AEE}.AppStore|Any CPU.Build.0 = Release|Any CPU
		{A67D3A46-CB03-45C5-98B6-793E78B99AEE}.AppStore|Any CPU.Deploy.0 = Release|Any CPU
		{A67D3A46-CB03-45C5-98B6-793E78B99AEE}.AppStore|ARM.ActiveCfg = Release|Any CPU
		{A67D3A46-CB03-45C5-98B6-793E78B99AEE}.AppStore|ARM.Build.0 = Release|Any CPU
		{A67D3A46-CB03-45C5-98B6-793E78B99AEE}.AppStore|ARM.Deploy.0 = Release|Any CPU
		{A67D3A46-CB03-45C5-98B6-793E78B99AEE}.AppStore|iPhone.ActiveCfg = Release|Any CPU
		{A67D3A46-CB03-45C5-98B6-793E78B99AEE}.AppStore|iPhone.Build.0 = Release|Any CPU
		{A67D3A46-CB03-45C5-98B6-793E78B99AEE}.AppStore|iPhone.Deploy.0 = Release|Any CPU
		{A67D3A46-CB03-45C5-98B6-793E78B99AEE}.AppStore|iPhoneSimulator.ActiveCfg = Release|Any CPU
		{A67D3A46-CB03-45C5-98B6-793E78B99AEE}.AppStore|iPhoneSimulator.Build.0 = Release|Any CPU
		{A67D3A46-CB03-45C5-98B6-793E78B99AEE}.AppStore|iPhoneSimulator.Deploy.0 = Release|Any CPU
		{A67D3A46-CB03-45C5-98B6-793E78B99AEE}.AppStore|x64.ActiveCfg = Release|Any CPU
		{A67D3A46-CB03-45C5-98B6-793E78B99AEE}.AppStore|x64.Build.0 = Release|Any CPU
		{A67D3A46-CB03-45C5-98B6-793E78B99AEE}.AppStore|x64.Deploy.0 = Release|Any CPU
		{A67D3A46-CB03-45C5-98B6-793E78B99AEE}.AppStore|x86.ActiveCfg = Release|Any CPU
		{A67D3A46-CB03-45C5-98B6-793E78B99AEE}.AppStore|x86.Build.0 = Release|Any CPU
		{A67D3A46-CB03-45C5-98B6-793E78B99AEE}.AppStore|x86.Deploy.0 = Release|Any CPU
		{A67D3A46-CB03-45C5-98B6-793E78B99AEE}.Debug|Any CPU.ActiveCfg = Debug|Any CPU
		{A67D3A46-CB03-45C5-98B6-793E78B99AEE}.Debug|Any CPU.Build.0 = Debug|Any CPU
		{A67D3A46-CB03-45C5-98B6-793E78B99AEE}.Debug|Any CPU.Deploy.0 = Debug|Any CPU
		{A67D3A46-CB03-45C5-98B6-793E78B99AEE}.Debug|ARM.ActiveCfg = Debug|Any CPU
		{A67D3A46-CB03-45C5-98B6-793E78B99AEE}.Debug|ARM.Build.0 = Debug|Any CPU
		{A67D3A46-CB03-45C5-98B6-793E78B99AEE}.Debug|ARM.Deploy.0 = Debug|Any CPU
		{A67D3A46-CB03-45C5-98B6-793E78B99AEE}.Debug|iPhone.ActiveCfg = Debug|Any CPU
		{A67D3A46-CB03-45C5-98B6-793E78B99AEE}.Debug|iPhone.Build.0 = Debug|Any CPU
		{A67D3A46-CB03-45C5-98B6-793E78B99AEE}.Debug|iPhone.Deploy.0 = Debug|Any CPU
		{A67D3A46-CB03-45C5-98B6-793E78B99AEE}.Debug|iPhoneSimulator.ActiveCfg = Debug|Any CPU
		{A67D3A46-CB03-45C5-98B6-793E78B99AEE}.Debug|iPhoneSimulator.Build.0 = Debug|Any CPU
		{A67D3A46-CB03-45C5-98B6-793E78B99AEE}.Debug|iPhoneSimulator.Deploy.0 = Debug|Any CPU
		{A67D3A46-CB03-45C5-98B6-793E78B99AEE}.Debug|x64.ActiveCfg = Debug|Any CPU
		{A67D3A46-CB03-45C5-98B6-793E78B99AEE}.Debug|x64.Build.0 = Debug|Any CPU
		{A67D3A46-CB03-45C5-98B6-793E78B99AEE}.Debug|x64.Deploy.0 = Debug|Any CPU
		{A67D3A46-CB03-45C5-98B6-793E78B99AEE}.Debug|x86.ActiveCfg = Debug|Any CPU
		{A67D3A46-CB03-45C5-98B6-793E78B99AEE}.Debug|x86.Build.0 = Debug|Any CPU
		{A67D3A46-CB03-45C5-98B6-793E78B99AEE}.Debug|x86.Deploy.0 = Debug|Any CPU
		{A67D3A46-CB03-45C5-98B6-793E78B99AEE}.Release|Any CPU.ActiveCfg = Release|Any CPU
		{A67D3A46-CB03-45C5-98B6-793E78B99AEE}.Release|Any CPU.Build.0 = Release|Any CPU
		{A67D3A46-CB03-45C5-98B6-793E78B99AEE}.Release|Any CPU.Deploy.0 = Release|Any CPU
		{A67D3A46-CB03-45C5-98B6-793E78B99AEE}.Release|ARM.ActiveCfg = Release|Any CPU
		{A67D3A46-CB03-45C5-98B6-793E78B99AEE}.Release|ARM.Build.0 = Release|Any CPU
		{A67D3A46-CB03-45C5-98B6-793E78B99AEE}.Release|ARM.Deploy.0 = Release|Any CPU
		{A67D3A46-CB03-45C5-98B6-793E78B99AEE}.Release|iPhone.ActiveCfg = Release|Any CPU
		{A67D3A46-CB03-45C5-98B6-793E78B99AEE}.Release|iPhone.Build.0 = Release|Any CPU
		{A67D3A46-CB03-45C5-98B6-793E78B99AEE}.Release|iPhone.Deploy.0 = Release|Any CPU
		{A67D3A46-CB03-45C5-98B6-793E78B99AEE}.Release|iPhoneSimulator.ActiveCfg = Release|Any CPU
		{A67D3A46-CB03-45C5-98B6-793E78B99AEE}.Release|iPhoneSimulator.Build.0 = Release|Any CPU
		{A67D3A46-CB03-45C5-98B6-793E78B99AEE}.Release|iPhoneSimulator.Deploy.0 = Release|Any CPU
		{A67D3A46-CB03-45C5-98B6-793E78B99AEE}.Release|x64.ActiveCfg = Release|Any CPU
		{A67D3A46-CB03-45C5-98B6-793E78B99AEE}.Release|x64.Build.0 = Release|Any CPU
		{A67D3A46-CB03-45C5-98B6-793E78B99AEE}.Release|x64.Deploy.0 = Release|Any CPU
		{A67D3A46-CB03-45C5-98B6-793E78B99AEE}.Release|x86.ActiveCfg = Release|Any CPU
		{A67D3A46-CB03-45C5-98B6-793E78B99AEE}.Release|x86.Build.0 = Release|Any CPU
		{A67D3A46-CB03-45C5-98B6-793E78B99AEE}.Release|x86.Deploy.0 = Release|Any CPU
		{D612F507-75F5-496F-9674-C46099232633}.Ad-Hoc|Any CPU.ActiveCfg = Ad-Hoc|iPhone
		{D612F507-75F5-496F-9674-C46099232633}.Ad-Hoc|ARM.ActiveCfg = Ad-Hoc|iPhone
		{D612F507-75F5-496F-9674-C46099232633}.Ad-Hoc|iPhone.ActiveCfg = Ad-Hoc|iPhone
		{D612F507-75F5-496F-9674-C46099232633}.Ad-Hoc|iPhone.Build.0 = Ad-Hoc|iPhone
		{D612F507-75F5-496F-9674-C46099232633}.Ad-Hoc|iPhoneSimulator.ActiveCfg = Ad-Hoc|iPhoneSimulator
		{D612F507-75F5-496F-9674-C46099232633}.Ad-Hoc|iPhoneSimulator.Build.0 = Ad-Hoc|iPhoneSimulator
		{D612F507-75F5-496F-9674-C46099232633}.Ad-Hoc|x64.ActiveCfg = Ad-Hoc|iPhone
		{D612F507-75F5-496F-9674-C46099232633}.Ad-Hoc|x86.ActiveCfg = Ad-Hoc|iPhone
		{D612F507-75F5-496F-9674-C46099232633}.AppStore|Any CPU.ActiveCfg = AppStore|iPhone
		{D612F507-75F5-496F-9674-C46099232633}.AppStore|ARM.ActiveCfg = AppStore|iPhone
		{D612F507-75F5-496F-9674-C46099232633}.AppStore|iPhone.ActiveCfg = AppStore|iPhone
		{D612F507-75F5-496F-9674-C46099232633}.AppStore|iPhone.Build.0 = AppStore|iPhone
		{D612F507-75F5-496F-9674-C46099232633}.AppStore|iPhoneSimulator.ActiveCfg = AppStore|iPhoneSimulator
		{D612F507-75F5-496F-9674-C46099232633}.AppStore|iPhoneSimulator.Build.0 = AppStore|iPhoneSimulator
		{D612F507-75F5-496F-9674-C46099232633}.AppStore|x64.ActiveCfg = AppStore|iPhone
		{D612F507-75F5-496F-9674-C46099232633}.AppStore|x86.ActiveCfg = AppStore|iPhone
		{D612F507-75F5-496F-9674-C46099232633}.Debug|Any CPU.ActiveCfg = Debug|iPhone
		{D612F507-75F5-496F-9674-C46099232633}.Debug|ARM.ActiveCfg = Debug|iPhone
		{D612F507-75F5-496F-9674-C46099232633}.Debug|iPhone.ActiveCfg = Debug|iPhone
		{D612F507-75F5-496F-9674-C46099232633}.Debug|iPhone.Build.0 = Debug|iPhone
		{D612F507-75F5-496F-9674-C46099232633}.Debug|iPhoneSimulator.ActiveCfg = Debug|iPhoneSimulator
		{D612F507-75F5-496F-9674-C46099232633}.Debug|iPhoneSimulator.Build.0 = Debug|iPhoneSimulator
		{D612F507-75F5-496F-9674-C46099232633}.Debug|x64.ActiveCfg = Debug|iPhone
		{D612F507-75F5-496F-9674-C46099232633}.Debug|x86.ActiveCfg = Debug|iPhone
		{D612F507-75F5-496F-9674-C46099232633}.Release|Any CPU.ActiveCfg = Release|iPhone
		{D612F507-75F5-496F-9674-C46099232633}.Release|ARM.ActiveCfg = Release|iPhone
		{D612F507-75F5-496F-9674-C46099232633}.Release|iPhone.ActiveCfg = Release|iPhone
		{D612F507-75F5-496F-9674-C46099232633}.Release|iPhone.Build.0 = Release|iPhone
		{D612F507-75F5-496F-9674-C46099232633}.Release|iPhoneSimulator.ActiveCfg = Release|iPhoneSimulator
		{D612F507-75F5-496F-9674-C46099232633}.Release|iPhoneSimulator.Build.0 = Release|iPhoneSimulator
		{D612F507-75F5-496F-9674-C46099232633}.Release|x64.ActiveCfg = Release|iPhone
		{D612F507-75F5-496F-9674-C46099232633}.Release|x86.ActiveCfg = Release|iPhone
		{C0B08F04-6681-4443-A150-EDA7C69B6A2D}.Ad-Hoc|Any CPU.ActiveCfg = Release|x86
		{C0B08F04-6681-4443-A150-EDA7C69B6A2D}.Ad-Hoc|Any CPU.Build.0 = Release|x86
		{C0B08F04-6681-4443-A150-EDA7C69B6A2D}.Ad-Hoc|Any CPU.Deploy.0 = Release|x86
		{C0B08F04-6681-4443-A150-EDA7C69B6A2D}.Ad-Hoc|ARM.ActiveCfg = Release|ARM
		{C0B08F04-6681-4443-A150-EDA7C69B6A2D}.Ad-Hoc|ARM.Build.0 = Release|ARM
		{C0B08F04-6681-4443-A150-EDA7C69B6A2D}.Ad-Hoc|ARM.Deploy.0 = Release|ARM
		{C0B08F04-6681-4443-A150-EDA7C69B6A2D}.Ad-Hoc|iPhone.ActiveCfg = Release|x86
		{C0B08F04-6681-4443-A150-EDA7C69B6A2D}.Ad-Hoc|iPhone.Build.0 = Release|x86
		{C0B08F04-6681-4443-A150-EDA7C69B6A2D}.Ad-Hoc|iPhone.Deploy.0 = Release|x86
		{C0B08F04-6681-4443-A150-EDA7C69B6A2D}.Ad-Hoc|iPhoneSimulator.ActiveCfg = Release|x86
		{C0B08F04-6681-4443-A150-EDA7C69B6A2D}.Ad-Hoc|iPhoneSimulator.Build.0 = Release|x86
		{C0B08F04-6681-4443-A150-EDA7C69B6A2D}.Ad-Hoc|iPhoneSimulator.Deploy.0 = Release|x86
		{C0B08F04-6681-4443-A150-EDA7C69B6A2D}.Ad-Hoc|x64.ActiveCfg = Release|x64
		{C0B08F04-6681-4443-A150-EDA7C69B6A2D}.Ad-Hoc|x64.Build.0 = Release|x64
		{C0B08F04-6681-4443-A150-EDA7C69B6A2D}.Ad-Hoc|x64.Deploy.0 = Release|x64
		{C0B08F04-6681-4443-A150-EDA7C69B6A2D}.Ad-Hoc|x86.ActiveCfg = Release|x86
		{C0B08F04-6681-4443-A150-EDA7C69B6A2D}.Ad-Hoc|x86.Build.0 = Release|x86
		{C0B08F04-6681-4443-A150-EDA7C69B6A2D}.Ad-Hoc|x86.Deploy.0 = Release|x86
		{C0B08F04-6681-4443-A150-EDA7C69B6A2D}.AppStore|Any CPU.ActiveCfg = Release|x86
		{C0B08F04-6681-4443-A150-EDA7C69B6A2D}.AppStore|Any CPU.Build.0 = Release|x86
		{C0B08F04-6681-4443-A150-EDA7C69B6A2D}.AppStore|Any CPU.Deploy.0 = Release|x86
		{C0B08F04-6681-4443-A150-EDA7C69B6A2D}.AppStore|ARM.ActiveCfg = Release|ARM
		{C0B08F04-6681-4443-A150-EDA7C69B6A2D}.AppStore|ARM.Build.0 = Release|ARM
		{C0B08F04-6681-4443-A150-EDA7C69B6A2D}.AppStore|ARM.Deploy.0 = Release|ARM
		{C0B08F04-6681-4443-A150-EDA7C69B6A2D}.AppStore|iPhone.ActiveCfg = Release|x86
		{C0B08F04-6681-4443-A150-EDA7C69B6A2D}.AppStore|iPhone.Build.0 = Release|x86
		{C0B08F04-6681-4443-A150-EDA7C69B6A2D}.AppStore|iPhone.Deploy.0 = Release|x86
		{C0B08F04-6681-4443-A150-EDA7C69B6A2D}.AppStore|iPhoneSimulator.ActiveCfg = Release|x86
		{C0B08F04-6681-4443-A150-EDA7C69B6A2D}.AppStore|iPhoneSimulator.Build.0 = Release|x86
		{C0B08F04-6681-4443-A150-EDA7C69B6A2D}.AppStore|iPhoneSimulator.Deploy.0 = Release|x86
		{C0B08F04-6681-4443-A150-EDA7C69B6A2D}.AppStore|x64.ActiveCfg = Release|x64
		{C0B08F04-6681-4443-A150-EDA7C69B6A2D}.AppStore|x64.Build.0 = Release|x64
		{C0B08F04-6681-4443-A150-EDA7C69B6A2D}.AppStore|x64.Deploy.0 = Release|x64
		{C0B08F04-6681-4443-A150-EDA7C69B6A2D}.AppStore|x86.ActiveCfg = Release|x86
		{C0B08F04-6681-4443-A150-EDA7C69B6A2D}.AppStore|x86.Build.0 = Release|x86
		{C0B08F04-6681-4443-A150-EDA7C69B6A2D}.AppStore|x86.Deploy.0 = Release|x86
		{C0B08F04-6681-4443-A150-EDA7C69B6A2D}.Debug|Any CPU.ActiveCfg = Debug|x86
		{C0B08F04-6681-4443-A150-EDA7C69B6A2D}.Debug|ARM.ActiveCfg = Debug|ARM
		{C0B08F04-6681-4443-A150-EDA7C69B6A2D}.Debug|ARM.Build.0 = Debug|ARM
		{C0B08F04-6681-4443-A150-EDA7C69B6A2D}.Debug|ARM.Deploy.0 = Debug|ARM
		{C0B08F04-6681-4443-A150-EDA7C69B6A2D}.Debug|iPhone.ActiveCfg = Debug|x86
		{C0B08F04-6681-4443-A150-EDA7C69B6A2D}.Debug|iPhoneSimulator.ActiveCfg = Debug|x86
		{C0B08F04-6681-4443-A150-EDA7C69B6A2D}.Debug|x64.ActiveCfg = Debug|x64
		{C0B08F04-6681-4443-A150-EDA7C69B6A2D}.Debug|x64.Build.0 = Debug|x64
		{C0B08F04-6681-4443-A150-EDA7C69B6A2D}.Debug|x64.Deploy.0 = Debug|x64
		{C0B08F04-6681-4443-A150-EDA7C69B6A2D}.Debug|x86.ActiveCfg = Debug|x86
		{C0B08F04-6681-4443-A150-EDA7C69B6A2D}.Debug|x86.Build.0 = Debug|x86
		{C0B08F04-6681-4443-A150-EDA7C69B6A2D}.Debug|x86.Deploy.0 = Debug|x86
		{C0B08F04-6681-4443-A150-EDA7C69B6A2D}.Release|Any CPU.ActiveCfg = Release|x86
		{C0B08F04-6681-4443-A150-EDA7C69B6A2D}.Release|ARM.ActiveCfg = Release|ARM
		{C0B08F04-6681-4443-A150-EDA7C69B6A2D}.Release|ARM.Build.0 = Release|ARM
		{C0B08F04-6681-4443-A150-EDA7C69B6A2D}.Release|ARM.Deploy.0 = Release|ARM
		{C0B08F04-6681-4443-A150-EDA7C69B6A2D}.Release|iPhone.ActiveCfg = Release|x86
		{C0B08F04-6681-4443-A150-EDA7C69B6A2D}.Release|iPhoneSimulator.ActiveCfg = Release|x86
		{C0B08F04-6681-4443-A150-EDA7C69B6A2D}.Release|x64.ActiveCfg = Release|x64
		{C0B08F04-6681-4443-A150-EDA7C69B6A2D}.Release|x64.Build.0 = Release|x64
		{C0B08F04-6681-4443-A150-EDA7C69B6A2D}.Release|x64.Deploy.0 = Release|x64
		{C0B08F04-6681-4443-A150-EDA7C69B6A2D}.Release|x86.ActiveCfg = Release|x86
		{C0B08F04-6681-4443-A150-EDA7C69B6A2D}.Release|x86.Build.0 = Release|x86
		{C0B08F04-6681-4443-A150-EDA7C69B6A2D}.Release|x86.Deploy.0 = Release|x86
		{66CF3A62-494C-4030-9BA0-B8605B3D6B49}.Ad-Hoc|Any CPU.ActiveCfg = Debug|Any CPU
		{66CF3A62-494C-4030-9BA0-B8605B3D6B49}.Ad-Hoc|Any CPU.Build.0 = Debug|Any CPU
		{66CF3A62-494C-4030-9BA0-B8605B3D6B49}.Ad-Hoc|ARM.ActiveCfg = Debug|Any CPU
		{66CF3A62-494C-4030-9BA0-B8605B3D6B49}.Ad-Hoc|ARM.Build.0 = Debug|Any CPU
		{66CF3A62-494C-4030-9BA0-B8605B3D6B49}.Ad-Hoc|iPhone.ActiveCfg = Debug|Any CPU
		{66CF3A62-494C-4030-9BA0-B8605B3D6B49}.Ad-Hoc|iPhone.Build.0 = Debug|Any CPU
		{66CF3A62-494C-4030-9BA0-B8605B3D6B49}.Ad-Hoc|iPhoneSimulator.ActiveCfg = Debug|Any CPU
		{66CF3A62-494C-4030-9BA0-B8605B3D6B49}.Ad-Hoc|iPhoneSimulator.Build.0 = Debug|Any CPU
		{66CF3A62-494C-4030-9BA0-B8605B3D6B49}.Ad-Hoc|x64.ActiveCfg = Debug|Any CPU
		{66CF3A62-494C-4030-9BA0-B8605B3D6B49}.Ad-Hoc|x64.Build.0 = Debug|Any CPU
		{66CF3A62-494C-4030-9BA0-B8605B3D6B49}.Ad-Hoc|x86.ActiveCfg = Debug|Any CPU
		{66CF3A62-494C-4030-9BA0-B8605B3D6B49}.Ad-Hoc|x86.Build.0 = Debug|Any CPU
		{66CF3A62-494C-4030-9BA0-B8605B3D6B49}.AppStore|Any CPU.ActiveCfg = Debug|Any CPU
		{66CF3A62-494C-4030-9BA0-B8605B3D6B49}.AppStore|Any CPU.Build.0 = Debug|Any CPU
		{66CF3A62-494C-4030-9BA0-B8605B3D6B49}.AppStore|ARM.ActiveCfg = Debug|Any CPU
		{66CF3A62-494C-4030-9BA0-B8605B3D6B49}.AppStore|ARM.Build.0 = Debug|Any CPU
		{66CF3A62-494C-4030-9BA0-B8605B3D6B49}.AppStore|iPhone.ActiveCfg = Debug|Any CPU
		{66CF3A62-494C-4030-9BA0-B8605B3D6B49}.AppStore|iPhone.Build.0 = Debug|Any CPU
		{66CF3A62-494C-4030-9BA0-B8605B3D6B49}.AppStore|iPhoneSimulator.ActiveCfg = Debug|Any CPU
		{66CF3A62-494C-4030-9BA0-B8605B3D6B49}.AppStore|iPhoneSimulator.Build.0 = Debug|Any CPU
		{66CF3A62-494C-4030-9BA0-B8605B3D6B49}.AppStore|x64.ActiveCfg = Debug|Any CPU
		{66CF3A62-494C-4030-9BA0-B8605B3D6B49}.AppStore|x64.Build.0 = Debug|Any CPU
		{66CF3A62-494C-4030-9BA0-B8605B3D6B49}.AppStore|x86.ActiveCfg = Debug|Any CPU
		{66CF3A62-494C-4030-9BA0-B8605B3D6B49}.AppStore|x86.Build.0 = Debug|Any CPU
		{66CF3A62-494C-4030-9BA0-B8605B3D6B49}.Debug|Any CPU.ActiveCfg = Debug|Any CPU
		{66CF3A62-494C-4030-9BA0-B8605B3D6B49}.Debug|Any CPU.Build.0 = Debug|Any CPU
		{66CF3A62-494C-4030-9BA0-B8605B3D6B49}.Debug|ARM.ActiveCfg = Debug|Any CPU
		{66CF3A62-494C-4030-9BA0-B8605B3D6B49}.Debug|ARM.Build.0 = Debug|Any CPU
		{66CF3A62-494C-4030-9BA0-B8605B3D6B49}.Debug|iPhone.ActiveCfg = Debug|Any CPU
		{66CF3A62-494C-4030-9BA0-B8605B3D6B49}.Debug|iPhone.Build.0 = Debug|Any CPU
		{66CF3A62-494C-4030-9BA0-B8605B3D6B49}.Debug|iPhoneSimulator.ActiveCfg = Debug|Any CPU
		{66CF3A62-494C-4030-9BA0-B8605B3D6B49}.Debug|iPhoneSimulator.Build.0 = Debug|Any CPU
		{66CF3A62-494C-4030-9BA0-B8605B3D6B49}.Debug|x64.ActiveCfg = Debug|Any CPU
		{66CF3A62-494C-4030-9BA0-B8605B3D6B49}.Debug|x64.Build.0 = Debug|Any CPU
		{66CF3A62-494C-4030-9BA0-B8605B3D6B49}.Debug|x86.ActiveCfg = Debug|Any CPU
		{66CF3A62-494C-4030-9BA0-B8605B3D6B49}.Debug|x86.Build.0 = Debug|Any CPU
		{66CF3A62-494C-4030-9BA0-B8605B3D6B49}.Release|Any CPU.ActiveCfg = Release|Any CPU
		{66CF3A62-494C-4030-9BA0-B8605B3D6B49}.Release|Any CPU.Build.0 = Release|Any CPU
		{66CF3A62-494C-4030-9BA0-B8605B3D6B49}.Release|ARM.ActiveCfg = Release|Any CPU
		{66CF3A62-494C-4030-9BA0-B8605B3D6B49}.Release|ARM.Build.0 = Release|Any CPU
		{66CF3A62-494C-4030-9BA0-B8605B3D6B49}.Release|iPhone.ActiveCfg = Release|Any CPU
		{66CF3A62-494C-4030-9BA0-B8605B3D6B49}.Release|iPhone.Build.0 = Release|Any CPU
		{66CF3A62-494C-4030-9BA0-B8605B3D6B49}.Release|iPhoneSimulator.ActiveCfg = Release|Any CPU
		{66CF3A62-494C-4030-9BA0-B8605B3D6B49}.Release|iPhoneSimulator.Build.0 = Release|Any CPU
		{66CF3A62-494C-4030-9BA0-B8605B3D6B49}.Release|x64.ActiveCfg = Release|Any CPU
		{66CF3A62-494C-4030-9BA0-B8605B3D6B49}.Release|x64.Build.0 = Release|Any CPU
		{66CF3A62-494C-4030-9BA0-B8605B3D6B49}.Release|x86.ActiveCfg = Release|Any CPU
		{66CF3A62-494C-4030-9BA0-B8605B3D6B49}.Release|x86.Build.0 = Release|Any CPU
		{62E6AC2B-27D5-4C2D-8240-66F9D1FDEC8A}.Ad-Hoc|Any CPU.ActiveCfg = Debug|Any CPU
		{62E6AC2B-27D5-4C2D-8240-66F9D1FDEC8A}.Ad-Hoc|Any CPU.Build.0 = Debug|Any CPU
		{62E6AC2B-27D5-4C2D-8240-66F9D1FDEC8A}.Ad-Hoc|ARM.ActiveCfg = Debug|Any CPU
		{62E6AC2B-27D5-4C2D-8240-66F9D1FDEC8A}.Ad-Hoc|ARM.Build.0 = Debug|Any CPU
		{62E6AC2B-27D5-4C2D-8240-66F9D1FDEC8A}.Ad-Hoc|iPhone.ActiveCfg = Debug|Any CPU
		{62E6AC2B-27D5-4C2D-8240-66F9D1FDEC8A}.Ad-Hoc|iPhone.Build.0 = Debug|Any CPU
		{62E6AC2B-27D5-4C2D-8240-66F9D1FDEC8A}.Ad-Hoc|iPhoneSimulator.ActiveCfg = Debug|Any CPU
		{62E6AC2B-27D5-4C2D-8240-66F9D1FDEC8A}.Ad-Hoc|iPhoneSimulator.Build.0 = Debug|Any CPU
		{62E6AC2B-27D5-4C2D-8240-66F9D1FDEC8A}.Ad-Hoc|x64.ActiveCfg = Debug|Any CPU
		{62E6AC2B-27D5-4C2D-8240-66F9D1FDEC8A}.Ad-Hoc|x64.Build.0 = Debug|Any CPU
		{62E6AC2B-27D5-4C2D-8240-66F9D1FDEC8A}.Ad-Hoc|x86.ActiveCfg = Debug|Any CPU
		{62E6AC2B-27D5-4C2D-8240-66F9D1FDEC8A}.Ad-Hoc|x86.Build.0 = Debug|Any CPU
		{62E6AC2B-27D5-4C2D-8240-66F9D1FDEC8A}.AppStore|Any CPU.ActiveCfg = Debug|Any CPU
		{62E6AC2B-27D5-4C2D-8240-66F9D1FDEC8A}.AppStore|Any CPU.Build.0 = Debug|Any CPU
		{62E6AC2B-27D5-4C2D-8240-66F9D1FDEC8A}.AppStore|ARM.ActiveCfg = Debug|Any CPU
		{62E6AC2B-27D5-4C2D-8240-66F9D1FDEC8A}.AppStore|ARM.Build.0 = Debug|Any CPU
		{62E6AC2B-27D5-4C2D-8240-66F9D1FDEC8A}.AppStore|iPhone.ActiveCfg = Debug|Any CPU
		{62E6AC2B-27D5-4C2D-8240-66F9D1FDEC8A}.AppStore|iPhone.Build.0 = Debug|Any CPU
		{62E6AC2B-27D5-4C2D-8240-66F9D1FDEC8A}.AppStore|iPhoneSimulator.ActiveCfg = Debug|Any CPU
		{62E6AC2B-27D5-4C2D-8240-66F9D1FDEC8A}.AppStore|iPhoneSimulator.Build.0 = Debug|Any CPU
		{62E6AC2B-27D5-4C2D-8240-66F9D1FDEC8A}.AppStore|x64.ActiveCfg = Debug|Any CPU
		{62E6AC2B-27D5-4C2D-8240-66F9D1FDEC8A}.AppStore|x64.Build.0 = Debug|Any CPU
		{62E6AC2B-27D5-4C2D-8240-66F9D1FDEC8A}.AppStore|x86.ActiveCfg = Debug|Any CPU
		{62E6AC2B-27D5-4C2D-8240-66F9D1FDEC8A}.AppStore|x86.Build.0 = Debug|Any CPU
		{62E6AC2B-27D5-4C2D-8240-66F9D1FDEC8A}.Debug|Any CPU.ActiveCfg = Debug|Any CPU
		{62E6AC2B-27D5-4C2D-8240-66F9D1FDEC8A}.Debug|Any CPU.Build.0 = Debug|Any CPU
		{62E6AC2B-27D5-4C2D-8240-66F9D1FDEC8A}.Debug|ARM.ActiveCfg = Debug|Any CPU
		{62E6AC2B-27D5-4C2D-8240-66F9D1FDEC8A}.Debug|ARM.Build.0 = Debug|Any CPU
		{62E6AC2B-27D5-4C2D-8240-66F9D1FDEC8A}.Debug|iPhone.ActiveCfg = Debug|Any CPU
		{62E6AC2B-27D5-4C2D-8240-66F9D1FDEC8A}.Debug|iPhone.Build.0 = Debug|Any CPU
		{62E6AC2B-27D5-4C2D-8240-66F9D1FDEC8A}.Debug|iPhoneSimulator.ActiveCfg = Debug|Any CPU
		{62E6AC2B-27D5-4C2D-8240-66F9D1FDEC8A}.Debug|iPhoneSimulator.Build.0 = Debug|Any CPU
		{62E6AC2B-27D5-4C2D-8240-66F9D1FDEC8A}.Debug|x64.ActiveCfg = Debug|Any CPU
		{62E6AC2B-27D5-4C2D-8240-66F9D1FDEC8A}.Debug|x64.Build.0 = Debug|Any CPU
		{62E6AC2B-27D5-4C2D-8240-66F9D1FDEC8A}.Debug|x86.ActiveCfg = Debug|Any CPU
		{62E6AC2B-27D5-4C2D-8240-66F9D1FDEC8A}.Debug|x86.Build.0 = Debug|Any CPU
		{62E6AC2B-27D5-4C2D-8240-66F9D1FDEC8A}.Release|Any CPU.ActiveCfg = Release|Any CPU
		{62E6AC2B-27D5-4C2D-8240-66F9D1FDEC8A}.Release|Any CPU.Build.0 = Release|Any CPU
		{62E6AC2B-27D5-4C2D-8240-66F9D1FDEC8A}.Release|ARM.ActiveCfg = Release|Any CPU
		{62E6AC2B-27D5-4C2D-8240-66F9D1FDEC8A}.Release|ARM.Build.0 = Release|Any CPU
		{62E6AC2B-27D5-4C2D-8240-66F9D1FDEC8A}.Release|iPhone.ActiveCfg = Release|Any CPU
		{62E6AC2B-27D5-4C2D-8240-66F9D1FDEC8A}.Release|iPhone.Build.0 = Release|Any CPU
		{62E6AC2B-27D5-4C2D-8240-66F9D1FDEC8A}.Release|iPhoneSimulator.ActiveCfg = Release|Any CPU
		{62E6AC2B-27D5-4C2D-8240-66F9D1FDEC8A}.Release|iPhoneSimulator.Build.0 = Release|Any CPU
		{62E6AC2B-27D5-4C2D-8240-66F9D1FDEC8A}.Release|x64.ActiveCfg = Release|Any CPU
		{62E6AC2B-27D5-4C2D-8240-66F9D1FDEC8A}.Release|x64.Build.0 = Release|Any CPU
		{62E6AC2B-27D5-4C2D-8240-66F9D1FDEC8A}.Release|x86.ActiveCfg = Release|Any CPU
		{62E6AC2B-27D5-4C2D-8240-66F9D1FDEC8A}.Release|x86.Build.0 = Release|Any CPU
	EndGlobalSection
	GlobalSection(SolutionProperties) = preSolution
		HideSolutionNode = FALSE
	EndGlobalSection
	GlobalSection(ExtensibilityGlobals) = postSolution
		SolutionGuid = {AF3E4E92-C78E-449C-AF90-044F165C5C10}
	EndGlobalSection
EndGlobal
